
Microsoft Visual Studio Solution File, Format Version 12.00
Project("{FAE04EC0-301F-11D3-BF4B-00C04F79EFBC}") = "Epic.CrossCutting", "Epic.CrossCutting\Epic.CrossCutting.csproj", "{5D31B848-D61A-49ED-8DF3-BB743F1CC06E}"
EndProject
Project("{FAE04EC0-301F-11D3-BF4B-00C04F79EFBC}") = "Epic.Console", "Epic.Console\Epic.Console.csproj", "{4ED3FD4F-E19C-463E-BA8F-BD678FF03B25}"
EndProject
Global
	GlobalSection(SolutionConfigurationPlatforms) = preSolution
		Debug|Any CPU = Debug|Any CPU
		Release|Any CPU = Release|Any CPU
	EndGlobalSection
	GlobalSection(ProjectConfigurationPlatforms) = postSolution
		{5D31B848-D61A-49ED-8DF3-BB743F1CC06E}.Debug|Any CPU.ActiveCfg = Debug|Any CPU
		{5D31B848-D61A-49ED-8DF3-BB743F1CC06E}.Debug|Any CPU.Build.0 = Debug|Any CPU
		{5D31B848-D61A-49ED-8DF3-BB743F1CC06E}.Release|Any CPU.ActiveCfg = Release|Any CPU
		{5D31B848-D61A-49ED-8DF3-BB743F1CC06E}.Release|Any CPU.Build.0 = Release|Any CPU
		{4ED3FD4F-E19C-463E-BA8F-BD678FF03B25}.Debug|Any CPU.ActiveCfg = Debug|Any CPU
		{4ED3FD4F-E19C-463E-BA8F-BD678FF03B25}.Debug|Any CPU.Build.0 = Debug|Any CPU
		{4ED3FD4F-E19C-463E-BA8F-BD678FF03B25}.Release|Any CPU.ActiveCfg = Release|Any CPU
		{4ED3FD4F-E19C-463E-BA8F-BD678FF03B25}.Release|Any CPU.Build.0 = Release|Any CPU
	EndGlobalSection
EndGlobal
